// !$*UTF8*$!
{
	archiveVersion = 1;
	classes = {
	};
	objectVersion = 50;
	objects = {

/* Begin PBXBuildFile section */
		276B95812597372D00574D61 /* FavoriteButton.swift in Sources */ = {isa = PBXBuildFile; fileRef = 276B95802597372D00574D61 /* FavoriteButton.swift */; };
		276DD46B25974D4300237DDF /* ProfileEditor.swift in Sources */ = {isa = PBXBuildFile; fileRef = 276DD46A25974D4300237DDF /* ProfileEditor.swift */; };
		276DD46F25974FDB00237DDF /* PageViewController.swift in Sources */ = {isa = PBXBuildFile; fileRef = 276DD46E25974FDB00237DDF /* PageViewController.swift */; };
		276DD47325976F3C00237DDF /* FeatureCard.swift in Sources */ = {isa = PBXBuildFile; fileRef = 276DD47225976F3C00237DDF /* FeatureCard.swift */; };
		276DD4772597708500237DDF /* PageView.swift in Sources */ = {isa = PBXBuildFile; fileRef = 276DD4762597708500237DDF /* PageView.swift */; };
		276DD47A2597787800237DDF /* PageControl.swift in Sources */ = {isa = PBXBuildFile; fileRef = 276DD4792597787800237DDF /* PageControl.swift */; };
		276DD48525977AC300237DDF /* ContentView.swift in Sources */ = {isa = PBXBuildFile; fileRef = 276DD48425977AC300237DDF /* ContentView.swift */; };
		276DD48725977AC500237DDF /* Assets.xcassets in Resources */ = {isa = PBXBuildFile; fileRef = 276DD48625977AC500237DDF /* Assets.xcassets */; };
		276DD48A25977AC500237DDF /* Preview Assets.xcassets in Resources */ = {isa = PBXBuildFile; fileRef = 276DD48925977AC500237DDF /* Preview Assets.xcassets */; };
		276DD49A25977C9100237DDF /* LandmarkRow.swift in Sources */ = {isa = PBXBuildFile; fileRef = 27AFF0DA25972B7B00D6DB91 /* LandmarkRow.swift */; };
		276DD49B25977C9100237DDF /* Landmark.swift in Sources */ = {isa = PBXBuildFile; fileRef = 27AFF0C92597293400D6DB91 /* Landmark.swift */; };
		276DD49C25977C9100237DDF /* CircleImage.swift in Sources */ = {isa = PBXBuildFile; fileRef = 2780145725972298004240B4 /* CircleImage.swift */; };
		276DD49D25977C9100237DDF /* LandmarkList.swift in Sources */ = {isa = PBXBuildFile; fileRef = 27AFF0E225972D4F00D6DB91 /* LandmarkList.swift */; };
		276DD49E25977C9100237DDF /* ModelData.swift in Sources */ = {isa = PBXBuildFile; fileRef = 27AFF0CC25972A2100D6DB91 /* ModelData.swift */; };
		276DD49F25977C9100237DDF /* landmarkData.json in Resources */ = {isa = PBXBuildFile; fileRef = 27AFF0DE25972C9200D6DB91 /* landmarkData.json */; };
		276DD4A025977C9100237DDF /* Assets.xcassets in Resources */ = {isa = PBXBuildFile; fileRef = 27D9202C25971F4400BD22A7 /* Assets.xcassets */; };
		276DD4A125977C9100237DDF /* LandmarksApp.swift in Sources */ = {isa = PBXBuildFile; fileRef = 27D9202825971F4200BD22A7 /* LandmarksApp.swift */; };
		276DD4A225977C9100237DDF /* MapView.swift in Sources */ = {isa = PBXBuildFile; fileRef = 2780145A25972301004240B4 /* MapView.swift */; };
		276DD4A325977C9100237DDF /* FavoriteButton.swift in Sources */ = {isa = PBXBuildFile; fileRef = 276B95802597372D00574D61 /* FavoriteButton.swift */; };
		276DD4A425977C9100237DDF /* Profile.swift in Sources */ = {isa = PBXBuildFile; fileRef = 2795F45F2597478400D0577F /* Profile.swift */; };
		276DD4AB25977D4300237DDF /* LandmarkDetail.swift in Sources */ = {isa = PBXBuildFile; fileRef = 276DD4AA25977D4300237DDF /* LandmarkDetail.swift */; };
		276DD4B125977FF100237DDF /* LandmarkCommands.swift in Sources */ = {isa = PBXBuildFile; fileRef = 276DD4B025977FF100237DDF /* LandmarkCommands.swift */; };
		276DD4B225977FF100237DDF /* LandmarkCommands.swift in Sources */ = {isa = PBXBuildFile; fileRef = 276DD4B025977FF100237DDF /* LandmarkCommands.swift */; };
		276DD4B72597819100237DDF /* LandmarkSettings.swift in Sources */ = {isa = PBXBuildFile; fileRef = 276DD4B52597819100237DDF /* LandmarkSettings.swift */; };
		2780145825972298004240B4 /* CircleImage.swift in Sources */ = {isa = PBXBuildFile; fileRef = 2780145725972298004240B4 /* CircleImage.swift */; };
		2780145B25972301004240B4 /* MapView.swift in Sources */ = {isa = PBXBuildFile; fileRef = 2780145A25972301004240B4 /* MapView.swift */; };
		2795F4542597409700D0577F /* CategoryHome.swift in Sources */ = {isa = PBXBuildFile; fileRef = 2795F4532597409700D0577F /* CategoryHome.swift */; };
		2795F4572597413D00D0577F /* hikeData.json in Resources */ = {isa = PBXBuildFile; fileRef = 2795F4562597413D00D0577F /* hikeData.json */; };
		2795F45A259741F900D0577F /* CategoryRow.swift in Sources */ = {isa = PBXBuildFile; fileRef = 2795F459259741F900D0577F /* CategoryRow.swift */; };
		2795F45D259742F400D0577F /* CategoryItem.swift in Sources */ = {isa = PBXBuildFile; fileRef = 2795F45C259742F400D0577F /* CategoryItem.swift */; };
		2795F4602597478400D0577F /* Profile.swift in Sources */ = {isa = PBXBuildFile; fileRef = 2795F45F2597478400D0577F /* Profile.swift */; };
		2795F463259747F000D0577F /* ProfileHost.swift in Sources */ = {isa = PBXBuildFile; fileRef = 2795F462259747F000D0577F /* ProfileHost.swift */; };
		2795F4662597484300D0577F /* ProfileSummary.swift in Sources */ = {isa = PBXBuildFile; fileRef = 2795F4652597484300D0577F /* ProfileSummary.swift */; };
		27AFF0CA2597293400D6DB91 /* Landmark.swift in Sources */ = {isa = PBXBuildFile; fileRef = 27AFF0C92597293400D6DB91 /* Landmark.swift */; };
		27AFF0CD25972A2100D6DB91 /* ModelData.swift in Sources */ = {isa = PBXBuildFile; fileRef = 27AFF0CC25972A2100D6DB91 /* ModelData.swift */; };
		27AFF0DB25972B7B00D6DB91 /* LandmarkRow.swift in Sources */ = {isa = PBXBuildFile; fileRef = 27AFF0DA25972B7B00D6DB91 /* LandmarkRow.swift */; };
		27AFF0DF25972C9200D6DB91 /* landmarkData.json in Resources */ = {isa = PBXBuildFile; fileRef = 27AFF0DE25972C9200D6DB91 /* landmarkData.json */; };
		27AFF0E325972D4F00D6DB91 /* LandmarkList.swift in Sources */ = {isa = PBXBuildFile; fileRef = 27AFF0E225972D4F00D6DB91 /* LandmarkList.swift */; };
		27AFF0E625972DEB00D6DB91 /* LandmarkDetail.swift in Sources */ = {isa = PBXBuildFile; fileRef = 27AFF0E525972DEB00D6DB91 /* LandmarkDetail.swift */; };
		27D9202925971F4200BD22A7 /* LandmarksApp.swift in Sources */ = {isa = PBXBuildFile; fileRef = 27D9202825971F4200BD22A7 /* LandmarksApp.swift */; };
		27D9202B25971F4200BD22A7 /* ContentView.swift in Sources */ = {isa = PBXBuildFile; fileRef = 27D9202A25971F4200BD22A7 /* ContentView.swift */; };
		27D9202D25971F4400BD22A7 /* Assets.xcassets in Resources */ = {isa = PBXBuildFile; fileRef = 27D9202C25971F4400BD22A7 /* Assets.xcassets */; };
		27D9203025971F4400BD22A7 /* Preview Assets.xcassets in Resources */ = {isa = PBXBuildFile; fileRef = 27D9202F25971F4400BD22A7 /* Preview Assets.xcassets */; };
/* End PBXBuildFile section */

/* Begin PBXFileReference section */
		276B95802597372D00574D61 /* FavoriteButton.swift */ = {isa = PBXFileReference; lastKnownFileType = sourcecode.swift; path = FavoriteButton.swift; sourceTree = "<group>"; };
		276DD46A25974D4300237DDF /* ProfileEditor.swift */ = {isa = PBXFileReference; lastKnownFileType = sourcecode.swift; path = ProfileEditor.swift; sourceTree = "<group>"; };
		276DD46E25974FDB00237DDF /* PageViewController.swift */ = {isa = PBXFileReference; lastKnownFileType = sourcecode.swift; path = PageViewController.swift; sourceTree = "<group>"; };
		276DD47225976F3C00237DDF /* FeatureCard.swift */ = {isa = PBXFileReference; lastKnownFileType = sourcecode.swift; path = FeatureCard.swift; sourceTree = "<group>"; };
		276DD4762597708500237DDF /* PageView.swift */ = {isa = PBXFileReference; lastKnownFileType = sourcecode.swift; path = PageView.swift; sourceTree = "<group>"; };
		276DD4792597787800237DDF /* PageControl.swift */ = {isa = PBXFileReference; lastKnownFileType = sourcecode.swift; path = PageControl.swift; sourceTree = "<group>"; };
		276DD48025977AC300237DDF /* MacLandmarks.app */ = {isa = PBXFileReference; explicitFileType = wrapper.application; includeInIndex = 0; path = MacLandmarks.app; sourceTree = BUILT_PRODUCTS_DIR; };
		276DD48425977AC300237DDF /* ContentView.swift */ = {isa = PBXFileReference; lastKnownFileType = sourcecode.swift; path = ContentView.swift; sourceTree = "<group>"; };
		276DD48625977AC500237DDF /* Assets.xcassets */ = {isa = PBXFileReference; lastKnownFileType = folder.assetcatalog; path = Assets.xcassets; sourceTree = "<group>"; };
		276DD48925977AC500237DDF /* Preview Assets.xcassets */ = {isa = PBXFileReference; lastKnownFileType = folder.assetcatalog; path = "Preview Assets.xcassets"; sourceTree = "<group>"; };
		276DD48B25977AC500237DDF /* Info.plist */ = {isa = PBXFileReference; lastKnownFileType = text.plist.xml; path = Info.plist; sourceTree = "<group>"; };
		276DD48C25977AC500237DDF /* MacLandmarks.entitlements */ = {isa = PBXFileReference; lastKnownFileType = text.plist.entitlements; path = MacLandmarks.entitlements; sourceTree = "<group>"; };
		276DD4AA25977D4300237DDF /* LandmarkDetail.swift */ = {isa = PBXFileReference; lastKnownFileType = sourcecode.swift; path = LandmarkDetail.swift; sourceTree = "<group>"; };
		276DD4B025977FF100237DDF /* LandmarkCommands.swift */ = {isa = PBXFileReference; lastKnownFileType = sourcecode.swift; path = LandmarkCommands.swift; sourceTree = "<group>"; };
		276DD4B52597819100237DDF /* LandmarkSettings.swift */ = {isa = PBXFileReference; lastKnownFileType = sourcecode.swift; path = LandmarkSettings.swift; sourceTree = "<group>"; };
		2780145725972298004240B4 /* CircleImage.swift */ = {isa = PBXFileReference; lastKnownFileType = sourcecode.swift; path = CircleImage.swift; sourceTree = "<group>"; };
		2780145A25972301004240B4 /* MapView.swift */ = {isa = PBXFileReference; lastKnownFileType = sourcecode.swift; path = MapView.swift; sourceTree = "<group>"; };
		2795F4532597409700D0577F /* CategoryHome.swift */ = {isa = PBXFileReference; lastKnownFileType = sourcecode.swift; path = CategoryHome.swift; sourceTree = "<group>"; };
		2795F4562597413D00D0577F /* hikeData.json */ = {isa = PBXFileReference; fileEncoding = 4; lastKnownFileType = text.json; path = hikeData.json; sourceTree = "<group>"; };
		2795F459259741F900D0577F /* CategoryRow.swift */ = {isa = PBXFileReference; lastKnownFileType = sourcecode.swift; path = CategoryRow.swift; sourceTree = "<group>"; };
		2795F45C259742F400D0577F /* CategoryItem.swift */ = {isa = PBXFileReference; lastKnownFileType = sourcecode.swift; path = CategoryItem.swift; sourceTree = "<group>"; };
		2795F45F2597478400D0577F /* Profile.swift */ = {isa = PBXFileReference; lastKnownFileType = sourcecode.swift; path = Profile.swift; sourceTree = "<group>"; };
		2795F462259747F000D0577F /* ProfileHost.swift */ = {isa = PBXFileReference; lastKnownFileType = sourcecode.swift; path = ProfileHost.swift; sourceTree = "<group>"; };
		2795F4652597484300D0577F /* ProfileSummary.swift */ = {isa = PBXFileReference; lastKnownFileType = sourcecode.swift; path = ProfileSummary.swift; sourceTree = "<group>"; };
		27AFF0C92597293400D6DB91 /* Landmark.swift */ = {isa = PBXFileReference; lastKnownFileType = sourcecode.swift; path = Landmark.swift; sourceTree = "<group>"; };
		27AFF0CC25972A2100D6DB91 /* ModelData.swift */ = {isa = PBXFileReference; lastKnownFileType = sourcecode.swift; path = ModelData.swift; sourceTree = "<group>"; };
		27AFF0DA25972B7B00D6DB91 /* LandmarkRow.swift */ = {isa = PBXFileReference; lastKnownFileType = sourcecode.swift; path = LandmarkRow.swift; sourceTree = "<group>"; };
		27AFF0DE25972C9200D6DB91 /* landmarkData.json */ = {isa = PBXFileReference; fileEncoding = 4; lastKnownFileType = text.json; name = landmarkData.json; path = ../landmarkData.json; sourceTree = "<group>"; };
		27AFF0E225972D4F00D6DB91 /* LandmarkList.swift */ = {isa = PBXFileReference; lastKnownFileType = sourcecode.swift; path = LandmarkList.swift; sourceTree = "<group>"; };
		27AFF0E525972DEB00D6DB91 /* LandmarkDetail.swift */ = {isa = PBXFileReference; lastKnownFileType = sourcecode.swift; path = LandmarkDetail.swift; sourceTree = "<group>"; };
		27D9202525971F4200BD22A7 /* Landmarks.app */ = {isa = PBXFileReference; explicitFileType = wrapper.application; includeInIndex = 0; path = Landmarks.app; sourceTree = BUILT_PRODUCTS_DIR; };
		27D9202825971F4200BD22A7 /* LandmarksApp.swift */ = {isa = PBXFileReference; lastKnownFileType = sourcecode.swift; path = LandmarksApp.swift; sourceTree = "<group>"; };
		27D9202A25971F4200BD22A7 /* ContentView.swift */ = {isa = PBXFileReference; lastKnownFileType = sourcecode.swift; path = ContentView.swift; sourceTree = "<group>"; };
		27D9202C25971F4400BD22A7 /* Assets.xcassets */ = {isa = PBXFileReference; lastKnownFileType = folder.assetcatalog; path = Assets.xcassets; sourceTree = "<group>"; };
		27D9202F25971F4400BD22A7 /* Preview Assets.xcassets */ = {isa = PBXFileReference; lastKnownFileType = folder.assetcatalog; path = "Preview Assets.xcassets"; sourceTree = "<group>"; };
		27D9203125971F4400BD22A7 /* Info.plist */ = {isa = PBXFileReference; lastKnownFileType = text.plist.xml; path = Info.plist; sourceTree = "<group>"; };
/* End PBXFileReference section */

/* Begin PBXFrameworksBuildPhase section */
		276DD47D25977AC300237DDF /* Frameworks */ = {
			isa = PBXFrameworksBuildPhase;
			buildActionMask = 2147483647;
			files = (
			);
			runOnlyForDeploymentPostprocessing = 0;
		};
		27D9202225971F4200BD22A7 /* Frameworks */ = {
			isa = PBXFrameworksBuildPhase;
			buildActionMask = 2147483647;
			files = (
			);
			runOnlyForDeploymentPostprocessing = 0;
		};
/* End PBXFrameworksBuildPhase section */

/* Begin PBXGroup section */
		276B95832597379D00574D61 /* Landmarks */ = {
			isa = PBXGroup;
			children = (
				27AFF0DA25972B7B00D6DB91 /* LandmarkRow.swift */,
				27AFF0E225972D4F00D6DB91 /* LandmarkList.swift */,
				27AFF0E525972DEB00D6DB91 /* LandmarkDetail.swift */,
			);
			path = Landmarks;
			sourceTree = "<group>";
		};
		276B9584259737AE00574D61 /* Helpers */ = {
			isa = PBXGroup;
			children = (
				2780145725972298004240B4 /* CircleImage.swift */,
				2780145A25972301004240B4 /* MapView.swift */,
				276B95802597372D00574D61 /* FavoriteButton.swift */,
			);
			path = Helpers;
			sourceTree = "<group>";
		};
		276DD46D25974FC800237DDF /* PageView */ = {
			isa = PBXGroup;
			children = (
				276DD47225976F3C00237DDF /* FeatureCard.swift */,
				276DD4792597787800237DDF /* PageControl.swift */,
				276DD4762597708500237DDF /* PageView.swift */,
				276DD46E25974FDB00237DDF /* PageViewController.swift */,
			);
			path = PageView;
			sourceTree = "<group>";
		};
		276DD48125977AC300237DDF /* MacLandmarks */ = {
			isa = PBXGroup;
			children = (
				276DD48425977AC300237DDF /* ContentView.swift */,
				276DD48625977AC500237DDF /* Assets.xcassets */,
				276DD48B25977AC500237DDF /* Info.plist */,
				276DD48C25977AC500237DDF /* MacLandmarks.entitlements */,
				276DD48825977AC500237DDF /* Preview Content */,
				276DD4AA25977D4300237DDF /* LandmarkDetail.swift */,
				276DD4B025977FF100237DDF /* LandmarkCommands.swift */,
				276DD4B52597819100237DDF /* LandmarkSettings.swift */,
			);
			path = MacLandmarks;
			sourceTree = "<group>";
		};
		276DD48825977AC500237DDF /* Preview Content */ = {
			isa = PBXGroup;
			children = (
				276DD48925977AC500237DDF /* Preview Assets.xcassets */,
			);
			path = "Preview Content";
			sourceTree = "<group>";
		};
		276DD49425977BB900237DDF /* Profiles */ = {
			isa = PBXGroup;
			children = (
				2795F462259747F000D0577F /* ProfileHost.swift */,
				2795F4652597484300D0577F /* ProfileSummary.swift */,
				276DD46A25974D4300237DDF /* ProfileEditor.swift */,
			);
			path = Profiles;
			sourceTree = "<group>";
		};
		276DD49525977BC700237DDF /* Categories */ = {
			isa = PBXGroup;
			children = (
				2795F4532597409700D0577F /* CategoryHome.swift */,
				2795F459259741F900D0577F /* CategoryRow.swift */,
				2795F45C259742F400D0577F /* CategoryItem.swift */,
			);
			path = Categories;
			sourceTree = "<group>";
		};
		27AFF0CF25972AF800D6DB91 /* Views */ = {
			isa = PBXGroup;
			children = (
				276DD49525977BC700237DDF /* Categories */,
				276DD49425977BB900237DDF /* Profiles */,
				276DD46D25974FC800237DDF /* PageView */,
				276B9584259737AE00574D61 /* Helpers */,
				276B95832597379D00574D61 /* Landmarks */,
				27D9202A25971F4200BD22A7 /* ContentView.swift */,
			);
			path = Views;
			sourceTree = "<group>";
		};
		27AFF0D025972B0E00D6DB91 /* Model */ = {
			isa = PBXGroup;
			children = (
				27AFF0CC25972A2100D6DB91 /* ModelData.swift */,
				27AFF0C92597293400D6DB91 /* Landmark.swift */,
				2795F45F2597478400D0577F /* Profile.swift */,
			);
			path = Model;
			sourceTree = "<group>";
		};
		27AFF0D125972B2200D6DB91 /* Resources */ = {
			isa = PBXGroup;
			children = (
				2795F4562597413D00D0577F /* hikeData.json */,
				27AFF0DE25972C9200D6DB91 /* landmarkData.json */,
			);
			path = Resources;
			sourceTree = "<group>";
		};
		27D9201C25971F4200BD22A7 = {
			isa = PBXGroup;
			children = (
				27D9202725971F4200BD22A7 /* Landmarks */,
				276DD48125977AC300237DDF /* MacLandmarks */,
				27D9202625971F4200BD22A7 /* Products */,
			);
			sourceTree = "<group>";
		};
		27D9202625971F4200BD22A7 /* Products */ = {
			isa = PBXGroup;
			children = (
				27D9202525971F4200BD22A7 /* Landmarks.app */,
				276DD48025977AC300237DDF /* MacLandmarks.app */,
			);
			name = Products;
			sourceTree = "<group>";
		};
		27D9202725971F4200BD22A7 /* Landmarks */ = {
			isa = PBXGroup;
			children = (
				27D9202825971F4200BD22A7 /* LandmarksApp.swift */,
				27AFF0CF25972AF800D6DB91 /* Views */,
				27AFF0D025972B0E00D6DB91 /* Model */,
				27AFF0D125972B2200D6DB91 /* Resources */,
				27D9202C25971F4400BD22A7 /* Assets.xcassets */,
				27D9203125971F4400BD22A7 /* Info.plist */,
				27D9202E25971F4400BD22A7 /* Preview Content */,
			);
			path = Landmarks;
			sourceTree = "<group>";
		};
		27D9202E25971F4400BD22A7 /* Preview Content */ = {
			isa = PBXGroup;
			children = (
				27D9202F25971F4400BD22A7 /* Preview Assets.xcassets */,
			);
			path = "Preview Content";
			sourceTree = "<group>";
		};
/* End PBXGroup section */

/* Begin PBXNativeTarget section */
		276DD47F25977AC300237DDF /* MacLandmarks */ = {
			isa = PBXNativeTarget;
			buildConfigurationList = 276DD48D25977AC500237DDF /* Build configuration list for PBXNativeTarget "MacLandmarks" */;
			buildPhases = (
				276DD47C25977AC300237DDF /* Sources */,
				276DD47D25977AC300237DDF /* Frameworks */,
				276DD47E25977AC300237DDF /* Resources */,
			);
			buildRules = (
			);
			dependencies = (
			);
			name = MacLandmarks;
			productName = MacLandmarks;
			productReference = 276DD48025977AC300237DDF /* MacLandmarks.app */;
			productType = "com.apple.product-type.application";
		};
		27D9202425971F4200BD22A7 /* Landmarks */ = {
			isa = PBXNativeTarget;
			buildConfigurationList = 27D9203425971F4400BD22A7 /* Build configuration list for PBXNativeTarget "Landmarks" */;
			buildPhases = (
				27D9202125971F4200BD22A7 /* Sources */,
				27D9202225971F4200BD22A7 /* Frameworks */,
				27D9202325971F4200BD22A7 /* Resources */,
			);
			buildRules = (
			);
			dependencies = (
			);
			name = Landmarks;
			productName = Landmarks;
			productReference = 27D9202525971F4200BD22A7 /* Landmarks.app */;
			productType = "com.apple.product-type.application";
		};
/* End PBXNativeTarget section */

/* Begin PBXProject section */
		27D9201D25971F4200BD22A7 /* Project object */ = {
			isa = PBXProject;
			attributes = {
				LastSwiftUpdateCheck = 1230;
				LastUpgradeCheck = 1230;
				TargetAttributes = {
					276DD47F25977AC300237DDF = {
						CreatedOnToolsVersion = 12.3;
					};
					27D9202425971F4200BD22A7 = {
						CreatedOnToolsVersion = 12.3;
					};
				};
			};
			buildConfigurationList = 27D9202025971F4200BD22A7 /* Build configuration list for PBXProject "Landmarks" */;
			compatibilityVersion = "Xcode 9.3";
			developmentRegion = en;
			hasScannedForEncodings = 0;
			knownRegions = (
				en,
				Base,
			);
			mainGroup = 27D9201C25971F4200BD22A7;
			productRefGroup = 27D9202625971F4200BD22A7 /* Products */;
			projectDirPath = "";
			projectRoot = "";
			targets = (
				27D9202425971F4200BD22A7 /* Landmarks */,
				276DD47F25977AC300237DDF /* MacLandmarks */,
			);
		};
/* End PBXProject section */

/* Begin PBXResourcesBuildPhase section */
		276DD47E25977AC300237DDF /* Resources */ = {
			isa = PBXResourcesBuildPhase;
			buildActionMask = 2147483647;
			files = (
				276DD48A25977AC500237DDF /* Preview Assets.xcassets in Resources */,
				276DD48725977AC500237DDF /* Assets.xcassets in Resources */,
				276DD4A025977C9100237DDF /* Assets.xcassets in Resources */,
				276DD49F25977C9100237DDF /* landmarkData.json in Resources */,
			);
			runOnlyForDeploymentPostprocessing = 0;
		};
		27D9202325971F4200BD22A7 /* Resources */ = {
			isa = PBXResourcesBuildPhase;
			buildActionMask = 2147483647;
			files = (
				2795F4572597413D00D0577F /* hikeData.json in Resources */,
				27D9203025971F4400BD22A7 /* Preview Assets.xcassets in Resources */,
				27D9202D25971F4400BD22A7 /* Assets.xcassets in Resources */,
				27AFF0DF25972C9200D6DB91 /* landmarkData.json in Resources */,
			);
			runOnlyForDeploymentPostprocessing = 0;
		};
/* End PBXResourcesBuildPhase section */

/* Begin PBXSourcesBuildPhase section */
		276DD47C25977AC300237DDF /* Sources */ = {
			isa = PBXSourcesBuildPhase;
			buildActionMask = 2147483647;
			files = (
				276DD49A25977C9100237DDF /* LandmarkRow.swift in Sources */,
				276DD4A425977C9100237DDF /* Profile.swift in Sources */,
				276DD4B72597819100237DDF /* LandmarkSettings.swift in Sources */,
				276DD4A225977C9100237DDF /* MapView.swift in Sources */,
				276DD4A125977C9100237DDF /* LandmarksApp.swift in Sources */,
				276DD4AB25977D4300237DDF /* LandmarkDetail.swift in Sources */,
				276DD4B225977FF100237DDF /* LandmarkCommands.swift in Sources */,
				276DD4A325977C9100237DDF /* FavoriteButton.swift in Sources */,
				276DD49C25977C9100237DDF /* CircleImage.swift in Sources */,
				276DD48525977AC300237DDF /* ContentView.swift in Sources */,
				276DD49B25977C9100237DDF /* Landmark.swift in Sources */,
				276DD49D25977C9100237DDF /* LandmarkList.swift in Sources */,
				276DD49E25977C9100237DDF /* ModelData.swift in Sources */,
			);
			runOnlyForDeploymentPostprocessing = 0;
		};
		27D9202125971F4200BD22A7 /* Sources */ = {
			isa = PBXSourcesBuildPhase;
			buildActionMask = 2147483647;
			files = (
				27D9202B25971F4200BD22A7 /* ContentView.swift in Sources */,
				27AFF0DB25972B7B00D6DB91 /* LandmarkRow.swift in Sources */,
				2780145B25972301004240B4 /* MapView.swift in Sources */,
				2795F463259747F000D0577F /* ProfileHost.swift in Sources */,
				2795F4602597478400D0577F /* Profile.swift in Sources */,
				276DD4772597708500237DDF /* PageView.swift in Sources */,
				276B95812597372D00574D61 /* FavoriteButton.swift in Sources */,
				2795F4542597409700D0577F /* CategoryHome.swift in Sources */,
				276DD47A2597787800237DDF /* PageControl.swift in Sources */,
				27AFF0E325972D4F00D6DB91 /* LandmarkList.swift in Sources */,
				27AFF0E625972DEB00D6DB91 /* LandmarkDetail.swift in Sources */,
				276DD47325976F3C00237DDF /* FeatureCard.swift in Sources */,
				27D9202925971F4200BD22A7 /* LandmarksApp.swift in Sources */,
				276DD4B125977FF100237DDF /* LandmarkCommands.swift in Sources */,
				2795F45D259742F400D0577F /* CategoryItem.swift in Sources */,
				2780145825972298004240B4 /* CircleImage.swift in Sources */,
				27AFF0CA2597293400D6DB91 /* Landmark.swift in Sources */,
				2795F45A259741F900D0577F /* CategoryRow.swift in Sources */,
				276DD46B25974D4300237DDF /* ProfileEditor.swift in Sources */,
				276DD46F25974FDB00237DDF /* PageViewController.swift in Sources */,
				2795F4662597484300D0577F /* ProfileSummary.swift in Sources */,
				27AFF0CD25972A2100D6DB91 /* ModelData.swift in Sources */,
			);
			runOnlyForDeploymentPostprocessing = 0;
		};
/* End PBXSourcesBuildPhase section */

/* Begin XCBuildConfiguration section */
		276DD48E25977AC500237DDF /* Debug */ = {
			isa = XCBuildConfiguration;
			buildSettings = {
				ASSETCATALOG_COMPILER_APPICON_NAME = AppIcon;
				ASSETCATALOG_COMPILER_GLOBAL_ACCENT_COLOR_NAME = AccentColor;
				CODE_SIGN_ENTITLEMENTS = MacLandmarks/MacLandmarks.entitlements;
				CODE_SIGN_STYLE = Automatic;
				COMBINE_HIDPI_IMAGES = YES;
				DEVELOPMENT_ASSET_PATHS = "\"MacLandmarks/Preview Content\"";
				DEVELOPMENT_TEAM = LK42RRLFBQ;
				ENABLE_HARDENED_RUNTIME = YES;
				ENABLE_PREVIEWS = YES;
				INFOPLIST_FILE = MacLandmarks/Info.plist;
				LD_RUNPATH_SEARCH_PATHS = (
					"$(inherited)",
					"@executable_path/../Frameworks",
				);
				MACOSX_DEPLOYMENT_TARGET = 11.1;
				PRODUCT_BUNDLE_IDENTIFIER = com.sungjunyoung.MacLandmarks;
				PRODUCT_NAME = "$(TARGET_NAME)";
				SDKROOT = macosx;
				SWIFT_VERSION = 5.0;
			};
			name = Debug;
		};
		276DD48F25977AC500237DDF /* Release */ = {
			isa = XCBuildConfiguration;
			buildSettings = {
				ASSETCATALOG_COMPILER_APPICON_NAME = AppIcon;
				ASSETCATALOG_COMPILER_GLOBAL_ACCENT_COLOR_NAME = AccentColor;
				CODE_SIGN_ENTITLEMENTS = MacLandmarks/MacLandmarks.entitlements;
				CODE_SIGN_STYLE = Automatic;
				COMBINE_HIDPI_IMAGES = YES;
				DEVELOPMENT_ASSET_PATHS = "\"MacLandmarks/Preview Content\"";
				DEVELOPMENT_TEAM = LK42RRLFBQ;
				ENABLE_HARDENED_RUNTIME = YES;
				ENABLE_PREVIEWS = YES;
				INFOPLIST_FILE = MacLandmarks/Info.plist;
				LD_RUNPATH_SEARCH_PATHS = (
					"$(inherited)",
					"@executable_path/../Frameworks",
				);
				MACOSX_DEPLOYMENT_TARGET = 11.1;
				PRODUCT_BUNDLE_IDENTIFIER = com.sungjunyoung.MacLandmarks;
				PRODUCT_NAME = "$(TARGET_NAME)";
				SDKROOT = macosx;
				SWIFT_VERSION = 5.0;
			};
			name = Release;
		};
		27D9203225971F4400BD22A7 /* Debug */ = {
			isa = XCBuildConfiguration;
			buildSettings = {
				ALWAYS_SEARCH_USER_PATHS = NO;
				CLANG_ANALYZER_NONNULL = YES;
				CLANG_ANALYZER_NUMBER_OBJECT_CONVERSION = YES_AGGRESSIVE;
				CLANG_CXX_LANGUAGE_STANDARD = "gnu++14";
				CLANG_CXX_LIBRARY = "libc++";
				CLANG_ENABLE_MODULES = YES;
				CLANG_ENABLE_OBJC_ARC = YES;
				CLANG_ENABLE_OBJC_WEAK = YES;
				CLANG_WARN_BLOCK_CAPTURE_AUTORELEASING = YES;
				CLANG_WARN_BOOL_CONVERSION = YES;
				CLANG_WARN_COMMA = YES;
				CLANG_WARN_CONSTANT_CONVERSION = YES;
				CLANG_WARN_DEPRECATED_OBJC_IMPLEMENTATIONS = YES;
				CLANG_WARN_DIRECT_OBJC_ISA_USAGE = YES_ERROR;
				CLANG_WARN_DOCUMENTATION_COMMENTS = YES;
				CLANG_WARN_EMPTY_BODY = YES;
				CLANG_WARN_ENUM_CONVERSION = YES;
				CLANG_WARN_INFINITE_RECURSION = YES;
				CLANG_WARN_INT_CONVERSION = YES;
				CLANG_WARN_NON_LITERAL_NULL_CONVERSION = YES;
				CLANG_WARN_OBJC_IMPLICIT_RETAIN_SELF = YES;
				CLANG_WARN_OBJC_LITERAL_CONVERSION = YES;
				CLANG_WARN_OBJC_ROOT_CLASS = YES_ERROR;
				CLANG_WARN_QUOTED_INCLUDE_IN_FRAMEWORK_HEADER = YES;
				CLANG_WARN_RANGE_LOOP_ANALYSIS = YES;
				CLANG_WARN_STRICT_PROTOTYPES = YES;
				CLANG_WARN_SUSPICIOUS_MOVE = YES;
				CLANG_WARN_UNGUARDED_AVAILABILITY = YES_AGGRESSIVE;
				CLANG_WARN_UNREACHABLE_CODE = YES;
				CLANG_WARN__DUPLICATE_METHOD_MATCH = YES;
				COPY_PHASE_STRIP = NO;
				DEBUG_INFORMATION_FORMAT = dwarf;
				ENABLE_STRICT_OBJC_MSGSEND = YES;
				ENABLE_TESTABILITY = YES;
				GCC_C_LANGUAGE_STANDARD = gnu11;
				GCC_DYNAMIC_NO_PIC = NO;
				GCC_NO_COMMON_BLOCKS = YES;
				GCC_OPTIMIZATION_LEVEL = 0;
				GCC_PREPROCESSOR_DEFINITIONS = (
					"DEBUG=1",
					"$(inherited)",
				);
				GCC_WARN_64_TO_32_BIT_CONVERSION = YES;
				GCC_WARN_ABOUT_RETURN_TYPE = YES_ERROR;
				GCC_WARN_UNDECLARED_SELECTOR = YES;
				GCC_WARN_UNINITIALIZED_AUTOS = YES_AGGRESSIVE;
				GCC_WARN_UNUSED_FUNCTION = YES;
				GCC_WARN_UNUSED_VARIABLE = YES;
				IPHONEOS_DEPLOYMENT_TARGET = 14.3;
				MTL_ENABLE_DEBUG_INFO = INCLUDE_SOURCE;
				MTL_FAST_MATH = YES;
				ONLY_ACTIVE_ARCH = YES;
				SDKROOT = iphoneos;
				SWIFT_ACTIVE_COMPILATION_CONDITIONS = DEBUG;
				SWIFT_OPTIMIZATION_LEVEL = "-Onone";
			};
			name = Debug;
		};
		27D9203325971F4400BD22A7 /* Release */ = {
			isa = XCBuildConfiguration;
			buildSettings = {
				ALWAYS_SEARCH_USER_PATHS = NO;
				CLANG_ANALYZER_NONNULL = YES;
				CLANG_ANALYZER_NUMBER_OBJECT_CONVERSION = YES_AGGRESSIVE;
				CLANG_CXX_LANGUAGE_STANDARD = "gnu++14";
				CLANG_CXX_LIBRARY = "libc++";
				CLANG_ENABLE_MODULES = YES;
				CLANG_ENABLE_OBJC_ARC = YES;
				CLANG_ENABLE_OBJC_WEAK = YES;
				CLANG_WARN_BLOCK_CAPTURE_AUTORELEASING = YES;
				CLANG_WARN_BOOL_CONVERSION = YES;
				CLANG_WARN_COMMA = YES;
				CLANG_WARN_CONSTANT_CONVERSION = YES;
				CLANG_WARN_DEPRECATED_OBJC_IMPLEMENTATIONS = YES;
				CLANG_WARN_DIRECT_OBJC_ISA_USAGE = YES_ERROR;
				CLANG_WARN_DOCUMENTATION_COMMENTS = YES;
				CLANG_WARN_EMPTY_BODY = YES;
				CLANG_WARN_ENUM_CONVERSION = YES;
				CLANG_WARN_INFINITE_RECURSION = YES;
				CLANG_WARN_INT_CONVERSION = YES;
				CLANG_WARN_NON_LITERAL_NULL_CONVERSION = YES;
				CLANG_WARN_OBJC_IMPLICIT_RETAIN_SELF = YES;
				CLANG_WARN_OBJC_LITERAL_CONVERSION = YES;
				CLANG_WARN_OBJC_ROOT_CLASS = YES_ERROR;
				CLANG_WARN_QUOTED_INCLUDE_IN_FRAMEWORK_HEADER = YES;
				CLANG_WARN_RANGE_LOOP_ANALYSIS = YES;
				CLANG_WARN_STRICT_PROTOTYPES = YES;
				CLANG_WARN_SUSPICIOUS_MOVE = YES;
				CLANG_WARN_UNGUARDED_AVAILABILITY = YES_AGGRESSIVE;
				CLANG_WARN_UNREACHABLE_CODE = YES;
				CLANG_WARN__DUPLICATE_METHOD_MATCH = YES;
				COPY_PHASE_STRIP = NO;
				DEBUG_INFORMATION_FORMAT = "dwarf-with-dsym";
				ENABLE_NS_ASSERTIONS = NO;
				ENABLE_STRICT_OBJC_MSGSEND = YES;
				GCC_C_LANGUAGE_STANDARD = gnu11;
				GCC_NO_COMMON_BLOCKS = YES;
				GCC_WARN_64_TO_32_BIT_CONVERSION = YES;
				GCC_WARN_ABOUT_RETURN_TYPE = YES_ERROR;
				GCC_WARN_UNDECLARED_SELECTOR = YES;
				GCC_WARN_UNINITIALIZED_AUTOS = YES_AGGRESSIVE;
				GCC_WARN_UNUSED_FUNCTION = YES;
				GCC_WARN_UNUSED_VARIABLE = YES;
				IPHONEOS_DEPLOYMENT_TARGET = 14.3;
				MTL_ENABLE_DEBUG_INFO = NO;
				MTL_FAST_MATH = YES;
				SDKROOT = iphoneos;
				SWIFT_COMPILATION_MODE = wholemodule;
				SWIFT_OPTIMIZATION_LEVEL = "-O";
				VALIDATE_PRODUCT = YES;
			};
			name = Release;
		};
		27D9203525971F4400BD22A7 /* Debug */ = {
			isa = XCBuildConfiguration;
			buildSettings = {
				ASSETCATALOG_COMPILER_APPICON_NAME = AppIcon;
				ASSETCATALOG_COMPILER_GLOBAL_ACCENT_COLOR_NAME = AccentColor;
				CODE_SIGN_STYLE = Automatic;
				DEVELOPMENT_ASSET_PATHS = "\"Landmarks/Preview Content\"";
				DEVELOPMENT_TEAM = LK42RRLFBQ;
				ENABLE_PREVIEWS = YES;
				INFOPLIST_FILE = Landmarks/Info.plist;
				IPHONEOS_DEPLOYMENT_TARGET = 14.0;
				LD_RUNPATH_SEARCH_PATHS = (
					"$(inherited)",
					"@executable_path/Frameworks",
				);
				PRODUCT_BUNDLE_IDENTIFIER = com.sungjunyoung.Landmarks;
				PRODUCT_NAME = "$(TARGET_NAME)";
				SWIFT_VERSION = 5.0;
				TARGETED_DEVICE_FAMILY = "1,2";
			};
			name = Debug;
		};
		27D9203625971F4400BD22A7 /* Release */ = {
			isa = XCBuildConfiguration;
			buildSettings = {
				ASSETCATALOG_COMPILER_APPICON_NAME = AppIcon;
				ASSETCATALOG_COMPILER_GLOBAL_ACCENT_COLOR_NAME = AccentColor;
				CODE_SIGN_STYLE = Automatic;
				DEVELOPMENT_ASSET_PATHS = "\"Landmarks/Preview Content\"";
				DEVELOPMENT_TEAM = LK42RRLFBQ;
				ENABLE_PREVIEWS = YES;
				INFOPLIST_FILE = Landmarks/Info.plist;
				IPHONEOS_DEPLOYMENT_TARGET = 14.0;
				LD_RUNPATH_SEARCH_PATHS = (
					"$(inherited)",
					"@executable_path/Frameworks",
				);
				PRODUCT_BUNDLE_IDENTIFIER = com.sungjunyoung.Landmarks;
				PRODUCT_NAME = "$(TARGET_NAME)";
				SWIFT_VERSION = 5.0;
				TARGETED_DEVICE_FAMILY = "1,2";
			};
			name = Release;
		};
/* End XCBuildConfiguration section */

/* Begin XCConfigurationList section */
		276DD48D25977AC500237DDF /* Build configuration list for PBXNativeTarget "MacLandmarks" */ = {
			isa = XCConfigurationList;
			buildConfigurations = (
				276DD48E25977AC500237DDF /* Debug */,
				276DD48F25977AC500237DDF /* Release */,
			);
			defaultConfigurationIsVisible = 0;
			defaultConfigurationName = Release;
		};
		27D9202025971F4200BD22A7 /* Build configuration list for PBXProject "Landmarks" */ = {
			isa = XCConfigurationList;
			buildConfigurations = (
				27D9203225971F4400BD22A7 /* Debug */,
				27D9203325971F4400BD22A7 /* Release */,
			);
			defaultConfigurationIsVisible = 0;
			defaultConfigurationName = Release;
		};
		27D9203425971F4400BD22A7 /* Build configuration list for PBXNativeTarget "Landmarks" */ = {
			isa = XCConfigurationList;
			buildConfigurations = (
				27D9203525971F4400BD22A7 /* Debug */,
				27D9203625971F4400BD22A7 /* Release */,
			);
			defaultConfigurationIsVisible = 0;
			defaultConfigurationName = Release;
		};
/* End XCConfigurationList section */
	};
	rootObject = 27D9201D25971F4200BD22A7 /* Project object */;
}
